// !$*UTF8*$!
{
	archiveVersion = 1;
	classes = {
	};
	objectVersion = 46;
	objects = {

/* Begin PBXBuildFile section */
		D00917781C82CDD500CE9384 /* ColliderType.swift in Sources */ = {isa = PBXBuildFile; fileRef = D00917771C82CDD500CE9384 /* ColliderType.swift */; };
		D009177A1C82D01700CE9384 /* ContactNotifiableType.swift in Sources */ = {isa = PBXBuildFile; fileRef = D00917791C82D01700CE9384 /* ContactNotifiableType.swift */; };
		D025E1341C7AD4E2005B02A8 /* AppDelegate.swift in Sources */ = {isa = PBXBuildFile; fileRef = D025E1331C7AD4E2005B02A8 /* AppDelegate.swift */; };
		D025E13A1C7AD4E2005B02A8 /* GameViewController.swift in Sources */ = {isa = PBXBuildFile; fileRef = D025E1391C7AD4E2005B02A8 /* GameViewController.swift */; };
		D025E13D1C7AD4E2005B02A8 /* Main.storyboard in Resources */ = {isa = PBXBuildFile; fileRef = D025E13B1C7AD4E2005B02A8 /* Main.storyboard */; };
		D025E13F1C7AD4E2005B02A8 /* Assets.xcassets in Resources */ = {isa = PBXBuildFile; fileRef = D025E13E1C7AD4E2005B02A8 /* Assets.xcassets */; };
		D025E1421C7AD4E2005B02A8 /* LaunchScreen.storyboard in Resources */ = {isa = PBXBuildFile; fileRef = D025E1401C7AD4E2005B02A8 /* LaunchScreen.storyboard */; };
		D025E14D1C7AD4E3005B02A8 /* SkyDefenderTests.swift in Sources */ = {isa = PBXBuildFile; fileRef = D025E14C1C7AD4E3005B02A8 /* SkyDefenderTests.swift */; };
		D025E15B1C7AD63E005B02A8 /* LevelScene.swift in Sources */ = {isa = PBXBuildFile; fileRef = D025E15A1C7AD63E005B02A8 /* LevelScene.swift */; };
		D06062DE1C872F7400523EA5 /* RenderComponent.swift in Sources */ = {isa = PBXBuildFile; fileRef = D06062DD1C872F7400523EA5 /* RenderComponent.swift */; };
		D06062E11C872F9500523EA5 /* EntityNode.swift in Sources */ = {isa = PBXBuildFile; fileRef = D06062E01C872F9500523EA5 /* EntityNode.swift */; };
		D074BFA21C8EA6F000B398B5 /* SquareExplosion.sks in Resources */ = {isa = PBXBuildFile; fileRef = D074BFA11C8EA6F000B398B5 /* SquareExplosion.sks */; };
		D074BFA41C8F07CD00B398B5 /* LevelScore.swift in Sources */ = {isa = PBXBuildFile; fileRef = D074BFA31C8F07CD00B398B5 /* LevelScore.swift */; };
		D074BFA61C8F1EFB00B398B5 /* ButtonNode.swift in Sources */ = {isa = PBXBuildFile; fileRef = D074BFA51C8F1EFB00B398B5 /* ButtonNode.swift */; };
		D08AEBF51C8E78B4006831D7 /* HealthComponent.swift in Sources */ = {isa = PBXBuildFile; fileRef = D08AEBF41C8E78B4006831D7 /* HealthComponent.swift */; };
		D08AEBF71C8E7BEF006831D7 /* DamageComponent.swift in Sources */ = {isa = PBXBuildFile; fileRef = D08AEBF61C8E7BEF006831D7 /* DamageComponent.swift */; };
		D08AEBF91C8E857F006831D7 /* SquareSmoke.sks in Resources */ = {isa = PBXBuildFile; fileRef = D08AEBF81C8E857F006831D7 /* SquareSmoke.sks */; };
		D08AEBFE1C8E8998006831D7 /* BigSquareExplosion.sks in Resources */ = {isa = PBXBuildFile; fileRef = D08AEBFD1C8E8998006831D7 /* BigSquareExplosion.sks */; };
		D08DE8321C87239200031CD1 /* Background.swift in Sources */ = {isa = PBXBuildFile; fileRef = D08DE8311C87239200031CD1 /* Background.swift */; };
		D08E3C8A1C90C1430015AF7A /* background-music.m4a in Resources */ = {isa = PBXBuildFile; fileRef = D08E3C891C90BE550015AF7A /* background-music.m4a */; };
		D08E3C8E1C90C6040015AF7A /* gun-fire.mp3 in Resources */ = {isa = PBXBuildFile; fileRef = D08E3C8B1C90C6040015AF7A /* gun-fire.mp3 */; };
		D08E3C8F1C90C6040015AF7A /* plane-crash.mp3 in Resources */ = {isa = PBXBuildFile; fileRef = D08E3C8C1C90C6040015AF7A /* plane-crash.mp3 */; };
		D08E3C901C90C6040015AF7A /* plane-hit.wav in Resources */ = {isa = PBXBuildFile; fileRef = D08E3C8D1C90C6040015AF7A /* plane-hit.wav */; };
		D094BFE21C88842E0051BFD8 /* LevelData.plist in Resources */ = {isa = PBXBuildFile; fileRef = D094BFE11C88842E0051BFD8 /* LevelData.plist */; };
		D0AF66791C89332000B220F8 /* NewBase.swift in Sources */ = {isa = PBXBuildFile; fileRef = D0AF66781C89332000B220F8 /* NewBase.swift */; };
		D0AF667D1C89EFFE00B220F8 /* NewMissle.swift in Sources */ = {isa = PBXBuildFile; fileRef = D0AF667C1C89EFFE00B220F8 /* NewMissle.swift */; };
		D0BA5AFB1C7BDE6E00130ABD /* Gun.swift in Sources */ = {isa = PBXBuildFile; fileRef = D0BA5AFA1C7BDE6E00130ABD /* Gun.swift */; };
		D0BA5B231C7C1A7100130ABD /* LevelStats.swift in Sources */ = {isa = PBXBuildFile; fileRef = D0BA5B221C7C1A7100130ABD /* LevelStats.swift */; };
		D0BB192F1C86958400F872B2 /* NewPlane.swift in Sources */ = {isa = PBXBuildFile; fileRef = D0BB192E1C86958400F872B2 /* NewPlane.swift */; };
		D0BB19341C869AA500F872B2 /* MovementComponent.swift in Sources */ = {isa = PBXBuildFile; fileRef = D0BB19331C869AA500F872B2 /* MovementComponent.swift */; };
		D0BB19361C869BC200F872B2 /* PhysicsComponent.swift in Sources */ = {isa = PBXBuildFile; fileRef = D0BB19351C869BC200F872B2 /* PhysicsComponent.swift */; };
		D0FCDD831C8D4EA20060AC20 /* SmallSquareExplosion.sks in Resources */ = {isa = PBXBuildFile; fileRef = D0FCDD821C8D4EA20060AC20 /* SmallSquareExplosion.sks */; };
		D0FCDD851C8D50130060AC20 /* square-particle.png in Resources */ = {isa = PBXBuildFile; fileRef = D0FCDD841C8D50130060AC20 /* square-particle.png */; };
		D0FD6C371C7B5ADB00A48D09 /* Util.swift in Sources */ = {isa = PBXBuildFile; fileRef = D0FD6C361C7B5ADB00A48D09 /* Util.swift */; };
/* End PBXBuildFile section */

/* Begin PBXContainerItemProxy section */
		D025E1491C7AD4E3005B02A8 /* PBXContainerItemProxy */ = {
			isa = PBXContainerItemProxy;
			containerPortal = D025E1281C7AD4E2005B02A8 /* Project object */;
			proxyType = 1;
			remoteGlobalIDString = D025E12F1C7AD4E2005B02A8;
			remoteInfo = SkyDefender;
		};
/* End PBXContainerItemProxy section */

/* Begin PBXFileReference section */
		D00917771C82CDD500CE9384 /* ColliderType.swift */ = {isa = PBXFileReference; fileEncoding = 4; lastKnownFileType = sourcecode.swift; path = ColliderType.swift; sourceTree = "<group>"; };
		D00917791C82D01700CE9384 /* ContactNotifiableType.swift */ = {isa = PBXFileReference; fileEncoding = 4; lastKnownFileType = sourcecode.swift; path = ContactNotifiableType.swift; sourceTree = "<group>"; };
		D025E1301C7AD4E2005B02A8 /* SkyDefender.app */ = {isa = PBXFileReference; explicitFileType = wrapper.application; includeInIndex = 0; path = SkyDefender.app; sourceTree = BUILT_PRODUCTS_DIR; };
		D025E1331C7AD4E2005B02A8 /* AppDelegate.swift */ = {isa = PBXFileReference; lastKnownFileType = sourcecode.swift; path = AppDelegate.swift; sourceTree = "<group>"; };
		D025E1391C7AD4E2005B02A8 /* GameViewController.swift */ = {isa = PBXFileReference; lastKnownFileType = sourcecode.swift; path = GameViewController.swift; sourceTree = "<group>"; };
		D025E13C1C7AD4E2005B02A8 /* Base */ = {isa = PBXFileReference; lastKnownFileType = file.storyboard; name = Base; path = Base.lproj/Main.storyboard; sourceTree = "<group>"; };
		D025E13E1C7AD4E2005B02A8 /* Assets.xcassets */ = {isa = PBXFileReference; lastKnownFileType = folder.assetcatalog; path = Assets.xcassets; sourceTree = "<group>"; };
		D025E1411C7AD4E2005B02A8 /* Base */ = {isa = PBXFileReference; lastKnownFileType = file.storyboard; name = Base; path = Base.lproj/LaunchScreen.storyboard; sourceTree = "<group>"; };
		D025E1431C7AD4E2005B02A8 /* Info.plist */ = {isa = PBXFileReference; lastKnownFileType = text.plist.xml; path = Info.plist; sourceTree = "<group>"; };
		D025E1481C7AD4E3005B02A8 /* SkyDefenderTests.xctest */ = {isa = PBXFileReference; explicitFileType = wrapper.cfbundle; includeInIndex = 0; path = SkyDefenderTests.xctest; sourceTree = BUILT_PRODUCTS_DIR; };
		D025E14C1C7AD4E3005B02A8 /* SkyDefenderTests.swift */ = {isa = PBXFileReference; lastKnownFileType = sourcecode.swift; path = SkyDefenderTests.swift; sourceTree = "<group>"; };
		D025E14E1C7AD4E3005B02A8 /* Info.plist */ = {isa = PBXFileReference; lastKnownFileType = text.plist.xml; path = Info.plist; sourceTree = "<group>"; };
		D025E15A1C7AD63E005B02A8 /* LevelScene.swift */ = {isa = PBXFileReference; fileEncoding = 4; lastKnownFileType = sourcecode.swift; path = LevelScene.swift; sourceTree = "<group>"; };
		D06062DD1C872F7400523EA5 /* RenderComponent.swift */ = {isa = PBXFileReference; fileEncoding = 4; lastKnownFileType = sourcecode.swift; path = RenderComponent.swift; sourceTree = "<group>"; };
		D06062E01C872F9500523EA5 /* EntityNode.swift */ = {isa = PBXFileReference; fileEncoding = 4; lastKnownFileType = sourcecode.swift; path = EntityNode.swift; sourceTree = "<group>"; };
		D074BFA11C8EA6F000B398B5 /* SquareExplosion.sks */ = {isa = PBXFileReference; lastKnownFileType = file.sks; path = SquareExplosion.sks; sourceTree = "<group>"; };
		D074BFA31C8F07CD00B398B5 /* LevelScore.swift */ = {isa = PBXFileReference; fileEncoding = 4; lastKnownFileType = sourcecode.swift; path = LevelScore.swift; sourceTree = "<group>"; };
		D074BFA51C8F1EFB00B398B5 /* ButtonNode.swift */ = {isa = PBXFileReference; fileEncoding = 4; lastKnownFileType = sourcecode.swift; path = ButtonNode.swift; sourceTree = "<group>"; };
		D08AEBF41C8E78B4006831D7 /* HealthComponent.swift */ = {isa = PBXFileReference; fileEncoding = 4; lastKnownFileType = sourcecode.swift; path = HealthComponent.swift; sourceTree = "<group>"; };
		D08AEBF61C8E7BEF006831D7 /* DamageComponent.swift */ = {isa = PBXFileReference; fileEncoding = 4; lastKnownFileType = sourcecode.swift; path = DamageComponent.swift; sourceTree = "<group>"; };
		D08AEBF81C8E857F006831D7 /* SquareSmoke.sks */ = {isa = PBXFileReference; lastKnownFileType = file.sks; path = SquareSmoke.sks; sourceTree = "<group>"; };
		D08AEBFD1C8E8998006831D7 /* BigSquareExplosion.sks */ = {isa = PBXFileReference; lastKnownFileType = file.sks; path = BigSquareExplosion.sks; sourceTree = "<group>"; };
		D08DE8311C87239200031CD1 /* Background.swift */ = {isa = PBXFileReference; fileEncoding = 4; lastKnownFileType = sourcecode.swift; path = Background.swift; sourceTree = "<group>"; };
		D08E3C891C90BE550015AF7A /* background-music.m4a */ = {isa = PBXFileReference; lastKnownFileType = file; path = "background-music.m4a"; sourceTree = "<group>"; };
		D08E3C8B1C90C6040015AF7A /* gun-fire.mp3 */ = {isa = PBXFileReference; lastKnownFileType = audio.mp3; path = "gun-fire.mp3"; sourceTree = "<group>"; };
		D08E3C8C1C90C6040015AF7A /* plane-crash.mp3 */ = {isa = PBXFileReference; lastKnownFileType = audio.mp3; path = "plane-crash.mp3"; sourceTree = "<group>"; };
		D08E3C8D1C90C6040015AF7A /* plane-hit.wav */ = {isa = PBXFileReference; lastKnownFileType = audio.wav; path = "plane-hit.wav"; sourceTree = "<group>"; };
		D094BFE11C88842E0051BFD8 /* LevelData.plist */ = {isa = PBXFileReference; fileEncoding = 4; lastKnownFileType = text.plist.xml; path = LevelData.plist; sourceTree = "<group>"; };
		D0AF66781C89332000B220F8 /* NewBase.swift */ = {isa = PBXFileReference; fileEncoding = 4; lastKnownFileType = sourcecode.swift; path = NewBase.swift; sourceTree = "<group>"; };
		D0AF667C1C89EFFE00B220F8 /* NewMissle.swift */ = {isa = PBXFileReference; fileEncoding = 4; lastKnownFileType = sourcecode.swift; path = NewMissle.swift; sourceTree = "<group>"; };
		D0BA5AFA1C7BDE6E00130ABD /* Gun.swift */ = {isa = PBXFileReference; fileEncoding = 4; lastKnownFileType = sourcecode.swift; path = Gun.swift; sourceTree = "<group>"; };
		D0BA5B221C7C1A7100130ABD /* LevelStats.swift */ = {isa = PBXFileReference; fileEncoding = 4; lastKnownFileType = sourcecode.swift; path = LevelStats.swift; sourceTree = "<group>"; };
		D0BB192E1C86958400F872B2 /* NewPlane.swift */ = {isa = PBXFileReference; fileEncoding = 4; lastKnownFileType = sourcecode.swift; path = NewPlane.swift; sourceTree = "<group>"; };
		D0BB19331C869AA500F872B2 /* MovementComponent.swift */ = {isa = PBXFileReference; fileEncoding = 4; lastKnownFileType = sourcecode.swift; path = MovementComponent.swift; sourceTree = "<group>"; };
		D0BB19351C869BC200F872B2 /* PhysicsComponent.swift */ = {isa = PBXFileReference; fileEncoding = 4; lastKnownFileType = sourcecode.swift; path = PhysicsComponent.swift; sourceTree = "<group>"; };
		D0FCDD821C8D4EA20060AC20 /* SmallSquareExplosion.sks */ = {isa = PBXFileReference; lastKnownFileType = file.sks; path = SmallSquareExplosion.sks; sourceTree = "<group>"; };
		D0FCDD841C8D50130060AC20 /* square-particle.png */ = {isa = PBXFileReference; lastKnownFileType = image.png; path = "square-particle.png"; sourceTree = "<group>"; };
		D0FD6C361C7B5ADB00A48D09 /* Util.swift */ = {isa = PBXFileReference; fileEncoding = 4; lastKnownFileType = sourcecode.swift; path = Util.swift; sourceTree = "<group>"; };
/* End PBXFileReference section */

/* Begin PBXFrameworksBuildPhase section */
		D025E12D1C7AD4E2005B02A8 /* Frameworks */ = {
			isa = PBXFrameworksBuildPhase;
			buildActionMask = 2147483647;
			files = (
			);
			runOnlyForDeploymentPostprocessing = 0;
		};
		D025E1451C7AD4E3005B02A8 /* Frameworks */ = {
			isa = PBXFrameworksBuildPhase;
			buildActionMask = 2147483647;
			files = (
			);
			runOnlyForDeploymentPostprocessing = 0;
		};
/* End PBXFrameworksBuildPhase section */

/* Begin PBXGroup section */
		D025E1271C7AD4E2005B02A8 = {
			isa = PBXGroup;
			children = (
				D025E1321C7AD4E2005B02A8 /* SkyDefender */,
				D025E14B1C7AD4E3005B02A8 /* SkyDefenderTests */,
				D025E1311C7AD4E2005B02A8 /* Products */,
			);
			sourceTree = "<group>";
		};
		D025E1311C7AD4E2005B02A8 /* Products */ = {
			isa = PBXGroup;
			children = (
				D025E1301C7AD4E2005B02A8 /* SkyDefender.app */,
				D025E1481C7AD4E3005B02A8 /* SkyDefenderTests.xctest */,
			);
			name = Products;
			sourceTree = "<group>";
		};
		D025E1321C7AD4E2005B02A8 /* SkyDefender */ = {
			isa = PBXGroup;
			children = (
				D08AEBFA1C8E86A3006831D7 /* ParticleEmitters */,
				D0AF667E1C89F16B00B220F8 /* CollisionDetection */,
				D094BFDF1C88806A0051BFD8 /* Assets */,
				D0BB192D1C86957500F872B2 /* Entities */,
				D0BB19301C8695D500F872B2 /* Components */,
				D06062DF1C872F7E00523EA5 /* Nodes */,
				D025E15A1C7AD63E005B02A8 /* LevelScene.swift */,
				D025E1331C7AD4E2005B02A8 /* AppDelegate.swift */,
				D025E1391C7AD4E2005B02A8 /* GameViewController.swift */,
				D025E1431C7AD4E2005B02A8 /* Info.plist */,
				D025E1401C7AD4E2005B02A8 /* LaunchScreen.storyboard */,
				D025E13B1C7AD4E2005B02A8 /* Main.storyboard */,
				D0FD6C361C7B5ADB00A48D09 /* Util.swift */,
			);
			path = SkyDefender;
			sourceTree = "<group>";
		};
		D025E14B1C7AD4E3005B02A8 /* SkyDefenderTests */ = {
			isa = PBXGroup;
			children = (
				D025E14C1C7AD4E3005B02A8 /* SkyDefenderTests.swift */,
				D025E14E1C7AD4E3005B02A8 /* Info.plist */,
			);
			path = SkyDefenderTests;
			sourceTree = "<group>";
		};
		D06062DF1C872F7E00523EA5 /* Nodes */ = {
			isa = PBXGroup;
			children = (
				D0BA5AFA1C7BDE6E00130ABD /* Gun.swift */,
				D06062E01C872F9500523EA5 /* EntityNode.swift */,
				D074BFA51C8F1EFB00B398B5 /* ButtonNode.swift */,
			);
			name = Nodes;
			sourceTree = "<group>";
		};
		D08AEBFA1C8E86A3006831D7 /* ParticleEmitters */ = {
			isa = PBXGroup;
			children = (
				D08AEBF81C8E857F006831D7 /* SquareSmoke.sks */,
				D0FCDD821C8D4EA20060AC20 /* SmallSquareExplosion.sks */,
				D074BFA11C8EA6F000B398B5 /* SquareExplosion.sks */,
				D08AEBFD1C8E8998006831D7 /* BigSquareExplosion.sks */,
				D0FCDD841C8D50130060AC20 /* square-particle.png */,
			);
			name = ParticleEmitters;
			sourceTree = "<group>";
		};
		D094BFDF1C88806A0051BFD8 /* Assets */ = {
			isa = PBXGroup;
			children = (
				D025E13E1C7AD4E2005B02A8 /* Assets.xcassets */,
				D094BFE11C88842E0051BFD8 /* LevelData.plist */,
				D0BA5B221C7C1A7100130ABD /* LevelStats.swift */,
				D08E3C8B1C90C6040015AF7A /* gun-fire.mp3 */,
				D08E3C8C1C90C6040015AF7A /* plane-crash.mp3 */,
				D08E3C891C90BE550015AF7A /* background-music.m4a */,
				D08E3C8D1C90C6040015AF7A /* plane-hit.wav */,
			);
			name = Assets;
			sourceTree = "<group>";
		};
		D0AF667E1C89F16B00B220F8 /* CollisionDetection */ = {
			isa = PBXGroup;
			children = (
				D00917771C82CDD500CE9384 /* ColliderType.swift */,
				D00917791C82D01700CE9384 /* ContactNotifiableType.swift */,
			);
			name = CollisionDetection;
			sourceTree = "<group>";
		};
		D0BB192D1C86957500F872B2 /* Entities */ = {
			isa = PBXGroup;
			children = (
				D0BB192E1C86958400F872B2 /* NewPlane.swift */,
				D08DE8311C87239200031CD1 /* Background.swift */,
				D0AF66781C89332000B220F8 /* NewBase.swift */,
				D0AF667C1C89EFFE00B220F8 /* NewMissle.swift */,
				D074BFA31C8F07CD00B398B5 /* LevelScore.swift */,
			);
			name = Entities;
			sourceTree = "<group>";
		};
		D0BB19301C8695D500F872B2 /* Components */ = {
			isa = PBXGroup;
			children = (
				D0BB19331C869AA500F872B2 /* MovementComponent.swift */,
				D0BB19351C869BC200F872B2 /* PhysicsComponent.swift */,
				D06062DD1C872F7400523EA5 /* RenderComponent.swift */,
				D08AEBF41C8E78B4006831D7 /* HealthComponent.swift */,
				D08AEBF61C8E7BEF006831D7 /* DamageComponent.swift */,
			);
			name = Components;
			sourceTree = "<group>";
		};
/* End PBXGroup section */

/* Begin PBXNativeTarget section */
		D025E12F1C7AD4E2005B02A8 /* SkyDefender */ = {
			isa = PBXNativeTarget;
			buildConfigurationList = D025E1511C7AD4E3005B02A8 /* Build configuration list for PBXNativeTarget "SkyDefender" */;
			buildPhases = (
				D025E12C1C7AD4E2005B02A8 /* Sources */,
				D025E12D1C7AD4E2005B02A8 /* Frameworks */,
				D025E12E1C7AD4E2005B02A8 /* Resources */,
			);
			buildRules = (
			);
			dependencies = (
			);
			name = SkyDefender;
			productName = SkyDefender;
			productReference = D025E1301C7AD4E2005B02A8 /* SkyDefender.app */;
			productType = "com.apple.product-type.application";
		};
		D025E1471C7AD4E3005B02A8 /* SkyDefenderTests */ = {
			isa = PBXNativeTarget;
			buildConfigurationList = D025E1541C7AD4E3005B02A8 /* Build configuration list for PBXNativeTarget "SkyDefenderTests" */;
			buildPhases = (
				D025E1441C7AD4E3005B02A8 /* Sources */,
				D025E1451C7AD4E3005B02A8 /* Frameworks */,
				D025E1461C7AD4E3005B02A8 /* Resources */,
			);
			buildRules = (
			);
			dependencies = (
				D025E14A1C7AD4E3005B02A8 /* PBXTargetDependency */,
			);
			name = SkyDefenderTests;
			productName = SkyDefenderTests;
			productReference = D025E1481C7AD4E3005B02A8 /* SkyDefenderTests.xctest */;
			productType = "com.apple.product-type.bundle.unit-test";
		};
/* End PBXNativeTarget section */

/* Begin PBXProject section */
		D025E1281C7AD4E2005B02A8 /* Project object */ = {
			isa = PBXProject;
			attributes = {
				LastSwiftUpdateCheck = 0720;
				LastUpgradeCheck = 0720;
				ORGANIZATIONNAME = "Tim Perkins";
				TargetAttributes = {
					D025E12F1C7AD4E2005B02A8 = {
						CreatedOnToolsVersion = 7.2;
						DevelopmentTeam = AGXK2XCS43;
					};
					D025E1471C7AD4E3005B02A8 = {
						CreatedOnToolsVersion = 7.2;
						DevelopmentTeam = AGXK2XCS43;
						TestTargetID = D025E12F1C7AD4E2005B02A8;
					};
				};
			};
			buildConfigurationList = D025E12B1C7AD4E2005B02A8 /* Build configuration list for PBXProject "SkyDefender" */;
			compatibilityVersion = "Xcode 3.2";
			developmentRegion = English;
			hasScannedForEncodings = 0;
			knownRegions = (
				en,
				Base,
			);
			mainGroup = D025E1271C7AD4E2005B02A8;
			productRefGroup = D025E1311C7AD4E2005B02A8 /* Products */;
			projectDirPath = "";
			projectRoot = "";
			targets = (
				D025E12F1C7AD4E2005B02A8 /* SkyDefender */,
				D025E1471C7AD4E3005B02A8 /* SkyDefenderTests */,
			);
		};
/* End PBXProject section */

/* Begin PBXResourcesBuildPhase section */
		D025E12E1C7AD4E2005B02A8 /* Resources */ = {
			isa = PBXResourcesBuildPhase;
			buildActionMask = 2147483647;
			files = (
				D0FCDD831C8D4EA20060AC20 /* SmallSquareExplosion.sks in Resources */,
				D08E3C8F1C90C6040015AF7A /* plane-crash.mp3 in Resources */,
				D025E1421C7AD4E2005B02A8 /* LaunchScreen.storyboard in Resources */,
				D0FCDD851C8D50130060AC20 /* square-particle.png in Resources */,
				D08E3C8E1C90C6040015AF7A /* gun-fire.mp3 in Resources */,
				D094BFE21C88842E0051BFD8 /* LevelData.plist in Resources */,
				D025E13F1C7AD4E2005B02A8 /* Assets.xcassets in Resources */,
				D08E3C901C90C6040015AF7A /* plane-hit.wav in Resources */,
				D08AEBFE1C8E8998006831D7 /* BigSquareExplosion.sks in Resources */,
				D074BFA21C8EA6F000B398B5 /* SquareExplosion.sks in Resources */,
				D08E3C8A1C90C1430015AF7A /* background-music.m4a in Resources */,
				D08AEBF91C8E857F006831D7 /* SquareSmoke.sks in Resources */,
				D025E13D1C7AD4E2005B02A8 /* Main.storyboard in Resources */,
			);
			runOnlyForDeploymentPostprocessing = 0;
		};
		D025E1461C7AD4E3005B02A8 /* Resources */ = {
			isa = PBXResourcesBuildPhase;
			buildActionMask = 2147483647;
			files = (
			);
			runOnlyForDeploymentPostprocessing = 0;
		};
/* End PBXResourcesBuildPhase section */

/* Begin PBXSourcesBuildPhase section */
		D025E12C1C7AD4E2005B02A8 /* Sources */ = {
			isa = PBXSourcesBuildPhase;
			buildActionMask = 2147483647;
			files = (
				D0BA5B231C7C1A7100130ABD /* LevelStats.swift in Sources */,
				D009177A1C82D01700CE9384 /* ContactNotifiableType.swift in Sources */,
				D08AEBF71C8E7BEF006831D7 /* DamageComponent.swift in Sources */,
				D025E15B1C7AD63E005B02A8 /* LevelScene.swift in Sources */,
				D0BB19361C869BC200F872B2 /* PhysicsComponent.swift in Sources */,
				D0BA5AFB1C7BDE6E00130ABD /* Gun.swift in Sources */,
				D074BFA41C8F07CD00B398B5 /* LevelScore.swift in Sources */,
				D025E13A1C7AD4E2005B02A8 /* GameViewController.swift in Sources */,
				D08DE8321C87239200031CD1 /* Background.swift in Sources */,
				D06062E11C872F9500523EA5 /* EntityNode.swift in Sources */,
				D08AEBF51C8E78B4006831D7 /* HealthComponent.swift in Sources */,
				D0AF667D1C89EFFE00B220F8 /* NewMissle.swift in Sources */,
				D00917781C82CDD500CE9384 /* ColliderType.swift in Sources */,
				D025E1341C7AD4E2005B02A8 /* AppDelegate.swift in Sources */,
				D0BB19341C869AA500F872B2 /* MovementComponent.swift in Sources */,
				D06062DE1C872F7400523EA5 /* RenderComponent.swift in Sources */,
				D074BFA61C8F1EFB00B398B5 /* ButtonNode.swift in Sources */,
				D0BB192F1C86958400F872B2 /* NewPlane.swift in Sources */,
				D0AF66791C89332000B220F8 /* NewBase.swift in Sources */,
				D0FD6C371C7B5ADB00A48D09 /* Util.swift in Sources */,
			);
			runOnlyForDeploymentPostprocessing = 0;
		};
		D025E1441C7AD4E3005B02A8 /* Sources */ = {
			isa = PBXSourcesBuildPhase;
			buildActionMask = 2147483647;
			files = (
				D025E14D1C7AD4E3005B02A8 /* SkyDefenderTests.swift in Sources */,
			);
			runOnlyForDeploymentPostprocessing = 0;
		};
/* End PBXSourcesBuildPhase section */

/* Begin PBXTargetDependency section */
		D025E14A1C7AD4E3005B02A8 /* PBXTargetDependency */ = {
			isa = PBXTargetDependency;
			target = D025E12F1C7AD4E2005B02A8 /* SkyDefender */;
			targetProxy = D025E1491C7AD4E3005B02A8 /* PBXContainerItemProxy */;
		};
/* End PBXTargetDependency section */

/* Begin PBXVariantGroup section */
		D025E13B1C7AD4E2005B02A8 /* Main.storyboard */ = {
			isa = PBXVariantGroup;
			children = (
				D025E13C1C7AD4E2005B02A8 /* Base */,
			);
			name = Main.storyboard;
			sourceTree = "<group>";
		};
		D025E1401C7AD4E2005B02A8 /* LaunchScreen.storyboard */ = {
			isa = PBXVariantGroup;
			children = (
				D025E1411C7AD4E2005B02A8 /* Base */,
			);
			name = LaunchScreen.storyboard;
			sourceTree = "<group>";
		};
/* End PBXVariantGroup section */

/* Begin XCBuildConfiguration section */
		D025E14F1C7AD4E3005B02A8 /* Debug */ = {
			isa = XCBuildConfiguration;
			buildSettings = {
				ALWAYS_SEARCH_USER_PATHS = NO;
				CLANG_CXX_LANGUAGE_STANDARD = "gnu++0x";
				CLANG_CXX_LIBRARY = "libc++";
				CLANG_ENABLE_MODULES = YES;
				CLANG_ENABLE_OBJC_ARC = YES;
				CLANG_WARN_BOOL_CONVERSION = YES;
				CLANG_WARN_CONSTANT_CONVERSION = YES;
				CLANG_WARN_DIRECT_OBJC_ISA_USAGE = YES_ERROR;
				CLANG_WARN_EMPTY_BODY = YES;
				CLANG_WARN_ENUM_CONVERSION = YES;
				CLANG_WARN_INT_CONVERSION = YES;
				CLANG_WARN_OBJC_ROOT_CLASS = YES_ERROR;
				CLANG_WARN_UNREACHABLE_CODE = YES;
				CLANG_WARN__DUPLICATE_METHOD_MATCH = YES;
				"CODE_SIGN_IDENTITY[sdk=iphoneos*]" = "iPhone Developer";
				COPY_PHASE_STRIP = NO;
				DEBUG_INFORMATION_FORMAT = "dwarf-with-dsym";
				ENABLE_STRICT_OBJC_MSGSEND = YES;
				ENABLE_TESTABILITY = YES;
				GCC_C_LANGUAGE_STANDARD = gnu99;
				GCC_DYNAMIC_NO_PIC = NO;
				GCC_NO_COMMON_BLOCKS = YES;
				GCC_OPTIMIZATION_LEVEL = 0;
				GCC_PREPROCESSOR_DEFINITIONS = (
					"DEBUG=1",
					"$(inherited)",
				);
				GCC_WARN_64_TO_32_BIT_CONVERSION = YES;
				GCC_WARN_ABOUT_RETURN_TYPE = YES_ERROR;
				GCC_WARN_UNDECLARED_SELECTOR = YES;
				GCC_WARN_UNINITIALIZED_AUTOS = YES_AGGRESSIVE;
				GCC_WARN_UNUSED_FUNCTION = YES;
				GCC_WARN_UNUSED_VARIABLE = YES;
				IPHONEOS_DEPLOYMENT_TARGET = 9.2;
				MTL_ENABLE_DEBUG_INFO = YES;
				ONLY_ACTIVE_ARCH = YES;
				SDKROOT = iphoneos;
				SWIFT_OPTIMIZATION_LEVEL = "-Onone";
				TARGETED_DEVICE_FAMILY = "1,2";
			};
			name = Debug;
		};
		D025E1501C7AD4E3005B02A8 /* Release */ = {
			isa = XCBuildConfiguration;
			buildSettings = {
				ALWAYS_SEARCH_USER_PATHS = NO;
				CLANG_CXX_LANGUAGE_STANDARD = "gnu++0x";
				CLANG_CXX_LIBRARY = "libc++";
				CLANG_ENABLE_MODULES = YES;
				CLANG_ENABLE_OBJC_ARC = YES;
				CLANG_WARN_BOOL_CONVERSION = YES;
				CLANG_WARN_CONSTANT_CONVERSION = YES;
				CLANG_WARN_DIRECT_OBJC_ISA_USAGE = YES_ERROR;
				CLANG_WARN_EMPTY_BODY = YES;
				CLANG_WARN_ENUM_CONVERSION = YES;
				CLANG_WARN_INT_CONVERSION = YES;
				CLANG_WARN_OBJC_ROOT_CLASS = YES_ERROR;
				CLANG_WARN_UNREACHABLE_CODE = YES;
				CLANG_WARN__DUPLICATE_METHOD_MATCH = YES;
				"CODE_SIGN_IDENTITY[sdk=iphoneos*]" = "iPhone Developer";
				COPY_PHASE_STRIP = NO;
				DEBUG_INFORMATION_FORMAT = "dwarf-with-dsym";
				ENABLE_NS_ASSERTIONS = NO;
				ENABLE_STRICT_OBJC_MSGSEND = YES;
				GCC_C_LANGUAGE_STANDARD = gnu99;
				GCC_NO_COMMON_BLOCKS = YES;
				GCC_WARN_64_TO_32_BIT_CONVERSION = YES;
				GCC_WARN_ABOUT_RETURN_TYPE = YES_ERROR;
				GCC_WARN_UNDECLARED_SELECTOR = YES;
				GCC_WARN_UNINITIALIZED_AUTOS = YES_AGGRESSIVE;
				GCC_WARN_UNUSED_FUNCTION = YES;
				GCC_WARN_UNUSED_VARIABLE = YES;
				IPHONEOS_DEPLOYMENT_TARGET = 9.2;
				MTL_ENABLE_DEBUG_INFO = NO;
				SDKROOT = iphoneos;
				TARGETED_DEVICE_FAMILY = "1,2";
				VALIDATE_PRODUCT = YES;
			};
			name = Release;
		};
		D025E1521C7AD4E3005B02A8 /* Debug */ = {
			isa = XCBuildConfiguration;
			buildSettings = {
				ASSETCATALOG_COMPILER_APPICON_NAME = AppIcon;
				INFOPLIST_FILE = SkyDefender/Info.plist;
				LD_RUNPATH_SEARCH_PATHS = "$(inherited) @executable_path/Frameworks";
				PRODUCT_BUNDLE_IDENTIFIER = com.example.SkyDefender;
				PRODUCT_NAME = "$(TARGET_NAME)";
			};
			name = Debug;
		};
		D025E1531C7AD4E3005B02A8 /* Release */ = {
			isa = XCBuildConfiguration;
			buildSettings = {
				ASSETCATALOG_COMPILER_APPICON_NAME = AppIcon;
				INFOPLIST_FILE = SkyDefender/Info.plist;
				LD_RUNPATH_SEARCH_PATHS = "$(inherited) @executable_path/Frameworks";
				PRODUCT_BUNDLE_IDENTIFIER = com.example.SkyDefender;
				PRODUCT_NAME = "$(TARGET_NAME)";
			};
			name = Release;
		};
		D025E1551C7AD4E3005B02A8 /* Debug */ = {
			isa = XCBuildConfiguration;
			buildSettings = {
				BUNDLE_LOADER = "$(TEST_HOST)";
				DEBUG_INFORMATION_FORMAT = dwarf;
				INFOPLIST_FILE = SkyDefenderTests/Info.plist;
				LD_RUNPATH_SEARCH_PATHS = "$(inherited) @executable_path/Frameworks @loader_path/Frameworks";
				PRODUCT_BUNDLE_IDENTIFIER = com.example.SkyDefenderTests;
				PRODUCT_NAME = "$(TARGET_NAME)";
				TEST_HOST = "$(BUILT_PRODUCTS_DIR)/SkyDefender.app/SkyDefender";
			};
			name = Debug;
		};
		D025E1561C7AD4E3005B02A8 /* Release */ = {
			isa = XCBuildConfiguration;
			buildSettings = {
				BUNDLE_LOADER = "$(TEST_HOST)";
				INFOPLIST_FILE = SkyDefenderTests/Info.plist;
				LD_RUNPATH_SEARCH_PATHS = "$(inherited) @executable_path/Frameworks @loader_path/Frameworks";
				PRODUCT_BUNDLE_IDENTIFIER = com.example.SkyDefenderTests;
				PRODUCT_NAME = "$(TARGET_NAME)";
				TEST_HOST = "$(BUILT_PRODUCTS_DIR)/SkyDefender.app/SkyDefender";
			};
			name = Release;
		};
/* End XCBuildConfiguration section */

/* Begin XCConfigurationList section */
		D025E12B1C7AD4E2005B02A8 /* Build configuration list for PBXProject "SkyDefender" */ = {
			isa = XCConfigurationList;
			buildConfigurations = (
				D025E14F1C7AD4E3005B02A8 /* Debug */,
				D025E1501C7AD4E3005B02A8 /* Release */,
			);
			defaultConfigurationIsVisible = 0;
			defaultConfigurationName = Release;
		};
		D025E1511C7AD4E3005B02A8 /* Build configuration list for PBXNativeTarget "SkyDefender" */ = {
			isa = XCConfigurationList;
			buildConfigurations = (
				D025E1521C7AD4E3005B02A8 /* Debug */,
				D025E1531C7AD4E3005B02A8 /* Release */,
			);
			defaultConfigurationIsVisible = 0;
			defaultConfigurationName = Release;
		};
		D025E1541C7AD4E3005B02A8 /* Build configuration list for PBXNativeTarget "SkyDefenderTests" */ = {
			isa = XCConfigurationList;
			buildConfigurations = (
				D025E1551C7AD4E3005B02A8 /* Debug */,
				D025E1561C7AD4E3005B02A8 /* Release */,
			);
			defaultConfigurationIsVisible = 0;
			defaultConfigurationName = Release;
		};
/* End XCConfigurationList section */
	};
	rootObject = D025E1281C7AD4E2005B02A8 /* Project object */;
}
